// !$*UTF8*$!
{
	archiveVersion = 1;
	classes = {
	};
	objectVersion = 56;
	objects = {

/* Begin PBXBuildFile section */
		F667F07B298BC627005A3CE5 /* AbsenceView.swift in Sources */ = {isa = PBXBuildFile; fileRef = F667F07A298BC627005A3CE5 /* AbsenceView.swift */; };
		F667F07D298BC7AD005A3CE5 /* RootTabView.swift in Sources */ = {isa = PBXBuildFile; fileRef = F667F07C298BC7AD005A3CE5 /* RootTabView.swift */; };
		F667F07F298BC84A005A3CE5 /* StatisticsView.swift in Sources */ = {isa = PBXBuildFile; fileRef = F667F07E298BC84A005A3CE5 /* StatisticsView.swift */; };
		F694F038298804700045EE51 /* AbsenceRecorderApp.swift in Sources */ = {isa = PBXBuildFile; fileRef = F694F037298804700045EE51 /* AbsenceRecorderApp.swift */; };
		F694F03A298804700045EE51 /* DivisionsView.swift in Sources */ = {isa = PBXBuildFile; fileRef = F694F039298804700045EE51 /* DivisionsView.swift */; };
		F694F03C298804730045EE51 /* Assets.xcassets in Resources */ = {isa = PBXBuildFile; fileRef = F694F03B298804730045EE51 /* Assets.xcassets */; };
		F694F03F298804730045EE51 /* Preview Assets.xcassets in Resources */ = {isa = PBXBuildFile; fileRef = F694F03E298804730045EE51 /* Preview Assets.xcassets */; };
		F694F049298804730045EE51 /* AbsenceRecorderTests.swift in Sources */ = {isa = PBXBuildFile; fileRef = F694F048298804730045EE51 /* AbsenceRecorderTests.swift */; };
		F694F053298804730045EE51 /* AbsenceRecorderUITests.swift in Sources */ = {isa = PBXBuildFile; fileRef = F694F052298804730045EE51 /* AbsenceRecorderUITests.swift */; };
		F694F055298804730045EE51 /* AbsenceRecorderUITestsLaunchTests.swift in Sources */ = {isa = PBXBuildFile; fileRef = F694F054298804730045EE51 /* AbsenceRecorderUITestsLaunchTests.swift */; };
		F694F06429880A7F0045EE51 /* Student.swift in Sources */ = {isa = PBXBuildFile; fileRef = F694F06329880A7F0045EE51 /* Student.swift */; };
		F694F06629880B150045EE51 /* Division.swift in Sources */ = {isa = PBXBuildFile; fileRef = F694F06529880B150045EE51 /* Division.swift */; };
		F694F069298814790045EE51 /* Date.swift in Sources */ = {isa = PBXBuildFile; fileRef = F694F068298814790045EE51 /* Date.swift */; };
		F694F06D2988190A0045EE51 /* DivisionItem.swift in Sources */ = {isa = PBXBuildFile; fileRef = F694F06C2988190A0045EE51 /* DivisionItem.swift */; };
/* End PBXBuildFile section */

/* Begin PBXContainerItemProxy section */
		F694F045298804730045EE51 /* PBXContainerItemProxy */ = {
			isa = PBXContainerItemProxy;
			containerPortal = F694F02C298804700045EE51 /* Project object */;
			proxyType = 1;
			remoteGlobalIDString = F694F033298804700045EE51;
			remoteInfo = AbsenceRecorder;
		};
		F694F04F298804730045EE51 /* PBXContainerItemProxy */ = {
			isa = PBXContainerItemProxy;
			containerPortal = F694F02C298804700045EE51 /* Project object */;
			proxyType = 1;
			remoteGlobalIDString = F694F033298804700045EE51;
			remoteInfo = AbsenceRecorder;
		};
/* End PBXContainerItemProxy section */

/* Begin PBXFileReference section */
		F667F07A298BC627005A3CE5 /* AbsenceView.swift */ = {isa = PBXFileReference; lastKnownFileType = sourcecode.swift; path = AbsenceView.swift; sourceTree = "<group>"; };
		F667F07C298BC7AD005A3CE5 /* RootTabView.swift */ = {isa = PBXFileReference; lastKnownFileType = sourcecode.swift; path = RootTabView.swift; sourceTree = "<group>"; };
		F667F07E298BC84A005A3CE5 /* StatisticsView.swift */ = {isa = PBXFileReference; lastKnownFileType = sourcecode.swift; path = StatisticsView.swift; sourceTree = "<group>"; };
		F694F034298804700045EE51 /* AbsenceRecorder.app */ = {isa = PBXFileReference; explicitFileType = wrapper.application; includeInIndex = 0; path = AbsenceRecorder.app; sourceTree = BUILT_PRODUCTS_DIR; };
		F694F037298804700045EE51 /* AbsenceRecorderApp.swift */ = {isa = PBXFileReference; lastKnownFileType = sourcecode.swift; path = AbsenceRecorderApp.swift; sourceTree = "<group>"; };
		F694F039298804700045EE51 /* DivisionsView.swift */ = {isa = PBXFileReference; lastKnownFileType = sourcecode.swift; path = DivisionsView.swift; sourceTree = "<group>"; };
		F694F03B298804730045EE51 /* Assets.xcassets */ = {isa = PBXFileReference; lastKnownFileType = folder.assetcatalog; path = Assets.xcassets; sourceTree = "<group>"; };
		F694F03E298804730045EE51 /* Preview Assets.xcassets */ = {isa = PBXFileReference; lastKnownFileType = folder.assetcatalog; path = "Preview Assets.xcassets"; sourceTree = "<group>"; };
		F694F044298804730045EE51 /* AbsenceRecorderTests.xctest */ = {isa = PBXFileReference; explicitFileType = wrapper.cfbundle; includeInIndex = 0; path = AbsenceRecorderTests.xctest; sourceTree = BUILT_PRODUCTS_DIR; };
		F694F048298804730045EE51 /* AbsenceRecorderTests.swift */ = {isa = PBXFileReference; lastKnownFileType = sourcecode.swift; path = AbsenceRecorderTests.swift; sourceTree = "<group>"; };
		F694F04E298804730045EE51 /* AbsenceRecorderUITests.xctest */ = {isa = PBXFileReference; explicitFileType = wrapper.cfbundle; includeInIndex = 0; path = AbsenceRecorderUITests.xctest; sourceTree = BUILT_PRODUCTS_DIR; };
		F694F052298804730045EE51 /* AbsenceRecorderUITests.swift */ = {isa = PBXFileReference; lastKnownFileType = sourcecode.swift; path = AbsenceRecorderUITests.swift; sourceTree = "<group>"; };
		F694F054298804730045EE51 /* AbsenceRecorderUITestsLaunchTests.swift */ = {isa = PBXFileReference; lastKnownFileType = sourcecode.swift; path = AbsenceRecorderUITestsLaunchTests.swift; sourceTree = "<group>"; };
		F694F06329880A7F0045EE51 /* Student.swift */ = {isa = PBXFileReference; lastKnownFileType = sourcecode.swift; path = Student.swift; sourceTree = "<group>"; };
		F694F06529880B150045EE51 /* Division.swift */ = {isa = PBXFileReference; lastKnownFileType = sourcecode.swift; path = Division.swift; sourceTree = "<group>"; };
		F694F068298814790045EE51 /* Date.swift */ = {isa = PBXFileReference; lastKnownFileType = sourcecode.swift; path = Date.swift; sourceTree = "<group>"; };
		F694F06C2988190A0045EE51 /* DivisionItem.swift */ = {isa = PBXFileReference; lastKnownFileType = sourcecode.swift; path = DivisionItem.swift; sourceTree = "<group>"; };
/* End PBXFileReference section */

/* Begin PBXFrameworksBuildPhase section */
		F694F031298804700045EE51 /* Frameworks */ = {
			isa = PBXFrameworksBuildPhase;
			buildActionMask = 2147483647;
			files = (
			);
			runOnlyForDeploymentPostprocessing = 0;
		};
		F694F041298804730045EE51 /* Frameworks */ = {
			isa = PBXFrameworksBuildPhase;
			buildActionMask = 2147483647;
			files = (
			);
			runOnlyForDeploymentPostprocessing = 0;
		};
		F694F04B298804730045EE51 /* Frameworks */ = {
			isa = PBXFrameworksBuildPhase;
			buildActionMask = 2147483647;
			files = (
			);
			runOnlyForDeploymentPostprocessing = 0;
		};
/* End PBXFrameworksBuildPhase section */

/* Begin PBXGroup section */
		F694F02B298804700045EE51 = {
			isa = PBXGroup;
			children = (
				F694F036298804700045EE51 /* AbsenceRecorder */,
				F694F047298804730045EE51 /* AbsenceRecorderTests */,
				F694F051298804730045EE51 /* AbsenceRecorderUITests */,
				F694F035298804700045EE51 /* Products */,
			);
			sourceTree = "<group>";
		};
		F694F035298804700045EE51 /* Products */ = {
			isa = PBXGroup;
			children = (
				F694F034298804700045EE51 /* AbsenceRecorder.app */,
				F694F044298804730045EE51 /* AbsenceRecorderTests.xctest */,
				F694F04E298804730045EE51 /* AbsenceRecorderUITests.xctest */,
			);
			name = Products;
			sourceTree = "<group>";
		};
		F694F036298804700045EE51 /* AbsenceRecorder */ = {
			isa = PBXGroup;
			children = (
				F694F067298814680045EE51 /* Extensions */,
				F694F06229880A410045EE51 /* View */,
				F694F06129880A340045EE51 /* Model */,
				F694F037298804700045EE51 /* AbsenceRecorderApp.swift */,
				F694F03B298804730045EE51 /* Assets.xcassets */,
				F694F03D298804730045EE51 /* Preview Content */,
			);
			path = AbsenceRecorder;
			sourceTree = "<group>";
		};
		F694F03D298804730045EE51 /* Preview Content */ = {
			isa = PBXGroup;
			children = (
				F694F03E298804730045EE51 /* Preview Assets.xcassets */,
			);
			path = "Preview Content";
			sourceTree = "<group>";
		};
		F694F047298804730045EE51 /* AbsenceRecorderTests */ = {
			isa = PBXGroup;
			children = (
				F694F048298804730045EE51 /* AbsenceRecorderTests.swift */,
			);
			path = AbsenceRecorderTests;
			sourceTree = "<group>";
		};
		F694F051298804730045EE51 /* AbsenceRecorderUITests */ = {
			isa = PBXGroup;
			children = (
				F694F052298804730045EE51 /* AbsenceRecorderUITests.swift */,
				F694F054298804730045EE51 /* AbsenceRecorderUITestsLaunchTests.swift */,
			);
			path = AbsenceRecorderUITests;
			sourceTree = "<group>";
		};
		F694F06129880A340045EE51 /* Model */ = {
			isa = PBXGroup;
			children = (
				F694F06329880A7F0045EE51 /* Student.swift */,
				F694F06529880B150045EE51 /* Division.swift */,
			);
			path = Model;
			sourceTree = "<group>";
		};
		F694F06229880A410045EE51 /* View */ = {
			isa = PBXGroup;
			children = (
				F694F039298804700045EE51 /* DivisionsView.swift */,
				F694F06C2988190A0045EE51 /* DivisionItem.swift */,
				F667F07A298BC627005A3CE5 /* AbsenceView.swift */,
				F667F07C298BC7AD005A3CE5 /* RootTabView.swift */,
				F667F07E298BC84A005A3CE5 /* StatisticsView.swift */,
			);
			path = View;
			sourceTree = "<group>";
		};
		F694F067298814680045EE51 /* Extensions */ = {
			isa = PBXGroup;
			children = (
				F694F068298814790045EE51 /* Date.swift */,
			);
			path = Extensions;
			sourceTree = "<group>";
		};
/* End PBXGroup section */

/* Begin PBXNativeTarget section */
		F694F033298804700045EE51 /* AbsenceRecorder */ = {
			isa = PBXNativeTarget;
			buildConfigurationList = F694F058298804730045EE51 /* Build configuration list for PBXNativeTarget "AbsenceRecorder" */;
			buildPhases = (
				F694F030298804700045EE51 /* Sources */,
				F694F031298804700045EE51 /* Frameworks */,
				F694F032298804700045EE51 /* Resources */,
			);
			buildRules = (
			);
			dependencies = (
			);
			name = AbsenceRecorder;
			productName = AbsenceRecorder;
			productReference = F694F034298804700045EE51 /* AbsenceRecorder.app */;
			productType = "com.apple.product-type.application";
		};
		F694F043298804730045EE51 /* AbsenceRecorderTests */ = {
			isa = PBXNativeTarget;
			buildConfigurationList = F694F05B298804730045EE51 /* Build configuration list for PBXNativeTarget "AbsenceRecorderTests" */;
			buildPhases = (
				F694F040298804730045EE51 /* Sources */,
				F694F041298804730045EE51 /* Frameworks */,
				F694F042298804730045EE51 /* Resources */,
			);
			buildRules = (
			);
			dependencies = (
				F694F046298804730045EE51 /* PBXTargetDependency */,
			);
			name = AbsenceRecorderTests;
			productName = AbsenceRecorderTests;
			productReference = F694F044298804730045EE51 /* AbsenceRecorderTests.xctest */;
			productType = "com.apple.product-type.bundle.unit-test";
		};
		F694F04D298804730045EE51 /* AbsenceRecorderUITests */ = {
			isa = PBXNativeTarget;
			buildConfigurationList = F694F05E298804730045EE51 /* Build configuration list for PBXNativeTarget "AbsenceRecorderUITests" */;
			buildPhases = (
				F694F04A298804730045EE51 /* Sources */,
				F694F04B298804730045EE51 /* Frameworks */,
				F694F04C298804730045EE51 /* Resources */,
			);
			buildRules = (
			);
			dependencies = (
				F694F050298804730045EE51 /* PBXTargetDependency */,
			);
			name = AbsenceRecorderUITests;
			productName = AbsenceRecorderUITests;
			productReference = F694F04E298804730045EE51 /* AbsenceRecorderUITests.xctest */;
			productType = "com.apple.product-type.bundle.ui-testing";
		};
/* End PBXNativeTarget section */

/* Begin PBXProject section */
		F694F02C298804700045EE51 /* Project object */ = {
			isa = PBXProject;
			attributes = {
				BuildIndependentTargetsInParallel = 1;
				LastSwiftUpdateCheck = 1420;
				LastUpgradeCheck = 1420;
				TargetAttributes = {
					F694F033298804700045EE51 = {
						CreatedOnToolsVersion = 14.2;
					};
					F694F043298804730045EE51 = {
						CreatedOnToolsVersion = 14.2;
						TestTargetID = F694F033298804700045EE51;
					};
					F694F04D298804730045EE51 = {
						CreatedOnToolsVersion = 14.2;
						TestTargetID = F694F033298804700045EE51;
					};
				};
			};
			buildConfigurationList = F694F02F298804700045EE51 /* Build configuration list for PBXProject "AbsenceRecorder" */;
			compatibilityVersion = "Xcode 14.0";
			developmentRegion = en;
			hasScannedForEncodings = 0;
			knownRegions = (
				en,
				Base,
			);
			mainGroup = F694F02B298804700045EE51;
			productRefGroup = F694F035298804700045EE51 /* Products */;
			projectDirPath = "";
			projectRoot = "";
			targets = (
				F694F033298804700045EE51 /* AbsenceRecorder */,
				F694F043298804730045EE51 /* AbsenceRecorderTests */,
				F694F04D298804730045EE51 /* AbsenceRecorderUITests */,
			);
		};
/* End PBXProject section */

/* Begin PBXResourcesBuildPhase section */
		F694F032298804700045EE51 /* Resources */ = {
			isa = PBXResourcesBuildPhase;
			buildActionMask = 2147483647;
			files = (
				F694F03F298804730045EE51 /* Preview Assets.xcassets in Resources */,
				F694F03C298804730045EE51 /* Assets.xcassets in Resources */,
			);
			runOnlyForDeploymentPostprocessing = 0;
		};
		F694F042298804730045EE51 /* Resources */ = {
			isa = PBXResourcesBuildPhase;
			buildActionMask = 2147483647;
			files = (
			);
			runOnlyForDeploymentPostprocessing = 0;
		};
		F694F04C298804730045EE51 /* Resources */ = {
			isa = PBXResourcesBuildPhase;
			buildActionMask = 2147483647;
			files = (
			);
			runOnlyForDeploymentPostprocessing = 0;
		};
/* End PBXResourcesBuildPhase section */

/* Begin PBXSourcesBuildPhase section */
		F694F030298804700045EE51 /* Sources */ = {
			isa = PBXSourcesBuildPhase;
			buildActionMask = 2147483647;
			files = (
				F694F03A298804700045EE51 /* DivisionsView.swift in Sources */,
				F694F069298814790045EE51 /* Date.swift in Sources */,
				F667F07D298BC7AD005A3CE5 /* RootTabView.swift in Sources */,
				F694F06429880A7F0045EE51 /* Student.swift in Sources */,
				F667F07F298BC84A005A3CE5 /* StatisticsView.swift in Sources */,
				F694F06629880B150045EE51 /* Division.swift in Sources */,
				F694F038298804700045EE51 /* AbsenceRecorderApp.swift in Sources */,
				F694F06D2988190A0045EE51 /* DivisionItem.swift in Sources */,
				F667F07B298BC627005A3CE5 /* AbsenceView.swift in Sources */,
			);
			runOnlyForDeploymentPostprocessing = 0;
		};
		F694F040298804730045EE51 /* Sources */ = {
			isa = PBXSourcesBuildPhase;
			buildActionMask = 2147483647;
			files = (
				F694F049298804730045EE51 /* AbsenceRecorderTests.swift in Sources */,
			);
			runOnlyForDeploymentPostprocessing = 0;
		};
		F694F04A298804730045EE51 /* Sources */ = {
			isa = PBXSourcesBuildPhase;
			buildActionMask = 2147483647;
			files = (
				F694F055298804730045EE51 /* AbsenceRecorderUITestsLaunchTests.swift in Sources */,
				F694F053298804730045EE51 /* AbsenceRecorderUITests.swift in Sources */,
			);
			runOnlyForDeploymentPostprocessing = 0;
		};
/* End PBXSourcesBuildPhase section */

/* Begin PBXTargetDependency section */
		F694F046298804730045EE51 /* PBXTargetDependency */ = {
			isa = PBXTargetDependency;
			target = F694F033298804700045EE51 /* AbsenceRecorder */;
			targetProxy = F694F045298804730045EE51 /* PBXContainerItemProxy */;
		};
		F694F050298804730045EE51 /* PBXTargetDependency */ = {
			isa = PBXTargetDependency;
			target = F694F033298804700045EE51 /* AbsenceRecorder */;
			targetProxy = F694F04F298804730045EE51 /* PBXContainerItemProxy */;
		};
/* End PBXTargetDependency section */

/* Begin XCBuildConfiguration section */
		F694F056298804730045EE51 /* Debug */ = {
			isa = XCBuildConfiguration;
			buildSettings = {
				ALWAYS_SEARCH_USER_PATHS = NO;
				CLANG_ANALYZER_NONNULL = YES;
				CLANG_ANALYZER_NUMBER_OBJECT_CONVERSION = YES_AGGRESSIVE;
				CLANG_CXX_LANGUAGE_STANDARD = "gnu++20";
				CLANG_ENABLE_MODULES = YES;
				CLANG_ENABLE_OBJC_ARC = YES;
				CLANG_ENABLE_OBJC_WEAK = YES;
				CLANG_WARN_BLOCK_CAPTURE_AUTORELEASING = YES;
				CLANG_WARN_BOOL_CONVERSION = YES;
				CLANG_WARN_COMMA = YES;
				CLANG_WARN_CONSTANT_CONVERSION = YES;
				CLANG_WARN_DEPRECATED_OBJC_IMPLEMENTATIONS = YES;
				CLANG_WARN_DIRECT_OBJC_ISA_USAGE = YES_ERROR;
				CLANG_WARN_DOCUMENTATION_COMMENTS = YES;
				CLANG_WARN_EMPTY_BODY = YES;
				CLANG_WARN_ENUM_CONVERSION = YES;
				CLANG_WARN_INFINITE_RECURSION = YES;
				CLANG_WARN_INT_CONVERSION = YES;
				CLANG_WARN_NON_LITERAL_NULL_CONVERSION = YES;
				CLANG_WARN_OBJC_IMPLICIT_RETAIN_SELF = YES;
				CLANG_WARN_OBJC_LITERAL_CONVERSION = YES;
				CLANG_WARN_OBJC_ROOT_CLASS = YES_ERROR;
				CLANG_WARN_QUOTED_INCLUDE_IN_FRAMEWORK_HEADER = YES;
				CLANG_WARN_RANGE_LOOP_ANALYSIS = YES;
				CLANG_WARN_STRICT_PROTOTYPES = YES;
				CLANG_WARN_SUSPICIOUS_MOVE = YES;
				CLANG_WARN_UNGUARDED_AVAILABILITY = YES_AGGRESSIVE;
				CLANG_WARN_UNREACHABLE_CODE = YES;
				CLANG_WARN__DUPLICATE_METHOD_MATCH = YES;
				COPY_PHASE_STRIP = NO;
				DEBUG_INFORMATION_FORMAT = dwarf;
				ENABLE_STRICT_OBJC_MSGSEND = YES;
				ENABLE_TESTABILITY = YES;
				GCC_C_LANGUAGE_STANDARD = gnu11;
				GCC_DYNAMIC_NO_PIC = NO;
				GCC_NO_COMMON_BLOCKS = YES;
				GCC_OPTIMIZATION_LEVEL = 0;
				GCC_PREPROCESSOR_DEFINITIONS = (
					"DEBUG=1",
					"$(inherited)",
				);
				GCC_WARN_64_TO_32_BIT_CONVERSION = YES;
				GCC_WARN_ABOUT_RETURN_TYPE = YES_ERROR;
				GCC_WARN_UNDECLARED_SELECTOR = YES;
				GCC_WARN_UNINITIALIZED_AUTOS = YES_AGGRESSIVE;
				GCC_WARN_UNUSED_FUNCTION = YES;
				GCC_WARN_UNUSED_VARIABLE = YES;
				IPHONEOS_DEPLOYMENT_TARGET = 16.2;
				MTL_ENABLE_DEBUG_INFO = INCLUDE_SOURCE;
				MTL_FAST_MATH = YES;
				ONLY_ACTIVE_ARCH = YES;
				SDKROOT = iphoneos;
				SWIFT_ACTIVE_COMPILATION_CONDITIONS = DEBUG;
				SWIFT_OPTIMIZATION_LEVEL = "-Onone";
			};
			name = Debug;
		};
		F694F057298804730045EE51 /* Release */ = {
			isa = XCBuildConfiguration;
			buildSettings = {
				ALWAYS_SEARCH_USER_PATHS = NO;
				CLANG_ANALYZER_NONNULL = YES;
				CLANG_ANALYZER_NUMBER_OBJECT_CONVERSION = YES_AGGRESSIVE;
				CLANG_CXX_LANGUAGE_STANDARD = "gnu++20";
				CLANG_ENABLE_MODULES = YES;
				CLANG_ENABLE_OBJC_ARC = YES;
				CLANG_ENABLE_OBJC_WEAK = YES;
				CLANG_WARN_BLOCK_CAPTURE_AUTORELEASING = YES;
				CLANG_WARN_BOOL_CONVERSION = YES;
				CLANG_WARN_COMMA = YES;
				CLANG_WARN_CONSTANT_CONVERSION = YES;
				CLANG_WARN_DEPRECATED_OBJC_IMPLEMENTATIONS = YES;
				CLANG_WARN_DIRECT_OBJC_ISA_USAGE = YES_ERROR;
				CLANG_WARN_DOCUMENTATION_COMMENTS = YES;
				CLANG_WARN_EMPTY_BODY = YES;
				CLANG_WARN_ENUM_CONVERSION = YES;
				CLANG_WARN_INFINITE_RECURSION = YES;
				CLANG_WARN_INT_CONVERSION = YES;
				CLANG_WARN_NON_LITERAL_NULL_CONVERSION = YES;
				CLANG_WARN_OBJC_IMPLICIT_RETAIN_SELF = YES;
				CLANG_WARN_OBJC_LITERAL_CONVERSION = YES;
				CLANG_WARN_OBJC_ROOT_CLASS = YES_ERROR;
				CLANG_WARN_QUOTED_INCLUDE_IN_FRAMEWORK_HEADER = YES;
				CLANG_WARN_RANGE_LOOP_ANALYSIS = YES;
				CLANG_WARN_STRICT_PROTOTYPES = YES;
				CLANG_WARN_SUSPICIOUS_MOVE = YES;
				CLANG_WARN_UNGUARDED_AVAILABILITY = YES_AGGRESSIVE;
				CLANG_WARN_UNREACHABLE_CODE = YES;
				CLANG_WARN__DUPLICATE_METHOD_MATCH = YES;
				COPY_PHASE_STRIP = NO;
				DEBUG_INFORMATION_FORMAT = "dwarf-with-dsym";
				ENABLE_NS_ASSERTIONS = NO;
				ENABLE_STRICT_OBJC_MSGSEND = YES;
				GCC_C_LANGUAGE_STANDARD = gnu11;
				GCC_NO_COMMON_BLOCKS = YES;
				GCC_WARN_64_TO_32_BIT_CONVERSION = YES;
				GCC_WARN_ABOUT_RETURN_TYPE = YES_ERROR;
				GCC_WARN_UNDECLARED_SELECTOR = YES;
				GCC_WARN_UNINITIALIZED_AUTOS = YES_AGGRESSIVE;
				GCC_WARN_UNUSED_FUNCTION = YES;
				GCC_WARN_UNUSED_VARIABLE = YES;
				IPHONEOS_DEPLOYMENT_TARGET = 16.2;
				MTL_ENABLE_DEBUG_INFO = NO;
				MTL_FAST_MATH = YES;
				SDKROOT = iphoneos;
				SWIFT_COMPILATION_MODE = wholemodule;
				SWIFT_OPTIMIZATION_LEVEL = "-O";
				VALIDATE_PRODUCT = YES;
			};
			name = Release;
		};
		F694F059298804730045EE51 /* Debug */ = {
			isa = XCBuildConfiguration;
			buildSettings = {
				ASSETCATALOG_COMPILER_APPICON_NAME = AppIcon;
				ASSETCATALOG_COMPILER_GLOBAL_ACCENT_COLOR_NAME = AccentColor;
				CODE_SIGN_STYLE = Automatic;
				CURRENT_PROJECT_VERSION = 1;
				DEVELOPMENT_ASSET_PATHS = "\"AbsenceRecorder/Preview Content\"";
				ENABLE_PREVIEWS = YES;
				GENERATE_INFOPLIST_FILE = YES;
				INFOPLIST_KEY_UIApplicationSceneManifest_Generation = YES;
				INFOPLIST_KEY_UIApplicationSupportsIndirectInputEvents = YES;
				INFOPLIST_KEY_UILaunchScreen_Generation = YES;
				INFOPLIST_KEY_UISupportedInterfaceOrientations_iPad = "UIInterfaceOrientationPortrait UIInterfaceOrientationPortraitUpsideDown UIInterfaceOrientationLandscapeLeft UIInterfaceOrientationLandscapeRight";
				INFOPLIST_KEY_UISupportedInterfaceOrientations_iPhone = "UIInterfaceOrientationPortrait UIInterfaceOrientationLandscapeLeft UIInterfaceOrientationLandscapeRight";
				LD_RUNPATH_SEARCH_PATHS = (
					"$(inherited)",
					"@executable_path/Frameworks",
				);
				MARKETING_VERSION = 1.0;
				PRODUCT_BUNDLE_IDENTIFIER = "com.Ed-Wreford.AbsenceRecorder";
				PRODUCT_NAME = "$(TARGET_NAME)";
				SWIFT_EMIT_LOC_STRINGS = YES;
				SWIFT_VERSION = 5.0;
				TARGETED_DEVICE_FAMILY = "1,2";
			};
			name = Debug;
		};
		F694F05A298804730045EE51 /* Release */ = {
			isa = XCBuildConfiguration;
			buildSettings = {
				ASSETCATALOG_COMPILER_APPICON_NAME = AppIcon;
				ASSETCATALOG_COMPILER_GLOBAL_ACCENT_COLOR_NAME = AccentColor;
				CODE_SIGN_STYLE = Automatic;
				CURRENT_PROJECT_VERSION = 1;
				DEVELOPMENT_ASSET_PATHS = "\"AbsenceRecorder/Preview Content\"";
				ENABLE_PREVIEWS = YES;
				GENERATE_INFOPLIST_FILE = YES;
				INFOPLIST_KEY_UIApplicationSceneManifest_Generation = YES;
				INFOPLIST_KEY_UIApplicationSupportsIndirectInputEvents = YES;
				INFOPLIST_KEY_UILaunchScreen_Generation = YES;
				INFOPLIST_KEY_UISupportedInterfaceOrientations_iPad = "UIInterfaceOrientationPortrait UIInterfaceOrientationPortraitUpsideDown UIInterfaceOrientationLandscapeLeft UIInterfaceOrientationLandscapeRight";
				INFOPLIST_KEY_UISupportedInterfaceOrientations_iPhone = "UIInterfaceOrientationPortrait UIInterfaceOrientationLandscapeLeft UIInterfaceOrientationLandscapeRight";
				LD_RUNPATH_SEARCH_PATHS = (
					"$(inherited)",
					"@executable_path/Frameworks",
				);
				MARKETING_VERSION = 1.0;
				PRODUCT_BUNDLE_IDENTIFIER = "com.Ed-Wreford.AbsenceRecorder";
				PRODUCT_NAME = "$(TARGET_NAME)";
				SWIFT_EMIT_LOC_STRINGS = YES;
				SWIFT_VERSION = 5.0;
				TARGETED_DEVICE_FAMILY = "1,2";
			};
			name = Release;
		};
		F694F05C298804730045EE51 /* Debug */ = {
			isa = XCBuildConfiguration;
			buildSettings = {
				ALWAYS_EMBED_SWIFT_STANDARD_LIBRARIES = YES;
				BUNDLE_LOADER = "$(TEST_HOST)";
				CODE_SIGN_STYLE = Automatic;
				CURRENT_PROJECT_VERSION = 1;
				GENERATE_INFOPLIST_FILE = YES;
				IPHONEOS_DEPLOYMENT_TARGET = 16.2;
				MARKETING_VERSION = 1.0;
				PRODUCT_BUNDLE_IDENTIFIER = "com.Ed-Wreford.AbsenceRecorderTests";
				PRODUCT_NAME = "$(TARGET_NAME)";
				SWIFT_EMIT_LOC_STRINGS = NO;
				SWIFT_VERSION = 5.0;
				TARGETED_DEVICE_FAMILY = "1,2";
				TEST_HOST = "$(BUILT_PRODUCTS_DIR)/AbsenceRecorder.app/$(BUNDLE_EXECUTABLE_FOLDER_PATH)/AbsenceRecorder";
			};
			name = Debug;
		};
		F694F05D298804730045EE51 /* Release */ = {
			isa = XCBuildConfiguration;
			buildSettings = {
				ALWAYS_EMBED_SWIFT_STANDARD_LIBRARIES = YES;
				BUNDLE_LOADER = "$(TEST_HOST)";
				CODE_SIGN_STYLE = Automatic;
				CURRENT_PROJECT_VERSION = 1;
				GENERATE_INFOPLIST_FILE = YES;
				IPHONEOS_DEPLOYMENT_TARGET = 16.2;
				MARKETING_VERSION = 1.0;
				PRODUCT_BUNDLE_IDENTIFIER = "com.Ed-Wreford.AbsenceRecorderTests";
				PRODUCT_NAME = "$(TARGET_NAME)";
				SWIFT_EMIT_LOC_STRINGS = NO;
				SWIFT_VERSION = 5.0;
				TARGETED_DEVICE_FAMILY = "1,2";
				TEST_HOST = "$(BUILT_PRODUCTS_DIR)/AbsenceRecorder.app/$(BUNDLE_EXECUTABLE_FOLDER_PATH)/AbsenceRecorder";
			};
			name = Release;
		};
		F694F05F298804730045EE51 /* Debug */ = {
			isa = XCBuildConfiguration;
			buildSettings = {
				ALWAYS_EMBED_SWIFT_STANDARD_LIBRARIES = YES;
				CODE_SIGN_STYLE = Automatic;
				CURRENT_PROJECT_VERSION = 1;
				GENERATE_INFOPLIST_FILE = YES;
				MARKETING_VERSION = 1.0;
				PRODUCT_BUNDLE_IDENTIFIER = "com.Ed-Wreford.AbsenceRecorderUITests";
				PRODUCT_NAME = "$(TARGET_NAME)";
				SWIFT_EMIT_LOC_STRINGS = NO;
				SWIFT_VERSION = 5.0;
				TARGETED_DEVICE_FAMILY = "1,2";
				TEST_TARGET_NAME = AbsenceRecorder;
			};
			name = Debug;
		};
		F694F060298804730045EE51 /* Release */ = {
			isa = XCBuildConfiguration;
			buildSettings = {
				ALWAYS_EMBED_SWIFT_STANDARD_LIBRARIES = YES;
				CODE_SIGN_STYLE = Automatic;
				CURRENT_PROJECT_VERSION = 1;
				GENERATE_INFOPLIST_FILE = YES;
				MARKETING_VERSION = 1.0;
				PRODUCT_BUNDLE_IDENTIFIER = "com.Ed-Wreford.AbsenceRecorderUITests";
				PRODUCT_NAME = "$(TARGET_NAME)";
				SWIFT_EMIT_LOC_STRINGS = NO;
				SWIFT_VERSION = 5.0;
				TARGETED_DEVICE_FAMILY = "1,2";
				TEST_TARGET_NAME = AbsenceRecorder;
			};
			name = Release;
		};
/* End XCBuildConfiguration section */

/* Begin XCConfigurationList section */
		F694F02F298804700045EE51 /* Build configuration list for PBXProject "AbsenceRecorder" */ = {
			isa = XCConfigurationList;
			buildConfigurations = (
				F694F056298804730045EE51 /* Debug */,
				F694F057298804730045EE51 /* Release */,
			);
			defaultConfigurationIsVisible = 0;
			defaultConfigurationName = Release;
		};
		F694F058298804730045EE51 /* Build configuration list for PBXNativeTarget "AbsenceRecorder" */ = {
			isa = XCConfigurationList;
			buildConfigurations = (
				F694F059298804730045EE51 /* Debug */,
				F694F05A298804730045EE51 /* Release */,
			);
			defaultConfigurationIsVisible = 0;
			defaultConfigurationName = Release;
		};
		F694F05B298804730045EE51 /* Build configuration list for PBXNativeTarget "AbsenceRecorderTests" */ = {
			isa = XCConfigurationList;
			buildConfigurations = (
				F694F05C298804730045EE51 /* Debug */,
				F694F05D298804730045EE51 /* Release */,
			);
			defaultConfigurationIsVisible = 0;
			defaultConfigurationName = Release;
		};
		F694F05E298804730045EE51 /* Build configuration list for PBXNativeTarget "AbsenceRecorderUITests" */ = {
			isa = XCConfigurationList;
			buildConfigurations = (
				F694F05F298804730045EE51 /* Debug */,
				F694F060298804730045EE51 /* Release */,
			);
			defaultConfigurationIsVisible = 0;
			defaultConfigurationName = Release;
		};
/* End XCConfigurationList section */
	};
	rootObject = F694F02C298804700045EE51 /* Project object */;
}
